{
  "name": "test",
  "version": "1.0.0",
  "lockfileVersion": 3,
  "requires": true,
  "packages": {
    "": {
      "name": "test",
      "version": "1.0.0",
      "license": "ISC",
      "dependencies": {
        "html_helper_works_with_elem": "^1.0.0",
        "html_works_with_elem": "^1.0.0",
        "uuid": "^11.1.0"
      }
    },
    "node_modules/html_helper_works_with_elem": {
      "version": "1.0.0",
      "resolved": "https://registry.npmjs.org/html_helper_works_with_elem/-/html_helper_works_with_elem-1.0.0.tgz",
      "integrity": "sha512-9KJlaK8eNprsfHKCl+Z10scB5PhhSg0NOj3AYGGkOG+BwjW+tG9hX7Swh/q9FAXq+e9TZE4MWLtE94qlm9tsJg==",
      "license": "MIT"
    },
    "node_modules/html_works_with_elem": {
      "version": "1.0.0",
      "resolved": "https://registry.npmjs.org/html_works_with_elem/-/html_works_with_elem-1.0.0.tgz",
      "integrity": "sha512-Y730tb1YtYTV8DLi5YUz7pQtCp0f7crCwCewR5sXxuD+TRR7bWrPOHIgKDNYpB35EJHB3dDBPANYzZrC83cRJA==",
      "license": "MIT"
    },
    "node_modules/uuid": {
      "version": "11.1.0",
      "resolved": "https://registry.npmjs.org/uuid/-/uuid-11.1.0.tgz",
      "integrity": "sha512-0/A9rDy9P7cJ+8w1c9WD9V//9Wj15Ce2MPz8Ri6032usz+NfePxx5AcN3bN+r6ZL6jEo066/yNYB3tn4pQEx+A==",
      "funding": [
        "https://github.com/sponsors/broofa",
        "https://github.com/sponsors/ctavan"
      ],
      "license": "MIT",
      "bin": {
        "uuid": "dist/esm/bin/uuid"
      }
    }
  }
}
